// !$*UTF8*$!
{
	archiveVersion = 1;
	classes = {
	};
	objectVersion = 50;
	objects = {

/* Begin PBXBuildFile section */
		800E725C2279AC930009979F /* ParkCheckpoints.swift in Sources */ = {isa = PBXBuildFile; fileRef = 800E725B2279AC930009979F /* ParkCheckpoints.swift */; };
		800E725E2279ACAE0009979F /* ParkArea.swift in Sources */ = {isa = PBXBuildFile; fileRef = 800E725D2279ACAE0009979F /* ParkArea.swift */; };
		800E72602279ACED0009979F /* RideAccess.swift in Sources */ = {isa = PBXBuildFile; fileRef = 800E725F2279ACED0009979F /* RideAccess.swift */; };
		800E72622279AD180009979F /* DiscountAccess.swift in Sources */ = {isa = PBXBuildFile; fileRef = 800E72612279AD180009979F /* DiscountAccess.swift */; };
		800E72652279AD550009979F /* InvalidData.swift in Sources */ = {isa = PBXBuildFile; fileRef = 800E72642279AD550009979F /* InvalidData.swift */; };
		800E72672279DDE20009979F /* MissingData.swift in Sources */ = {isa = PBXBuildFile; fileRef = 800E72662279DDE20009979F /* MissingData.swift */; };
		800E726B2279EBE20009979F /* PersonalInformation.swift in Sources */ = {isa = PBXBuildFile; fileRef = 800E726A2279EBE20009979F /* PersonalInformation.swift */; };
		800E726D227C11CE0009979F /* ChildGuest.swift in Sources */ = {isa = PBXBuildFile; fileRef = 800E726C227C11CE0009979F /* ChildGuest.swift */; };
		800E7272227D6CF50009979F /* AccessDenied.wav in Resources */ = {isa = PBXBuildFile; fileRef = 800E7270227D6CF50009979F /* AccessDenied.wav */; };
		800E7273227D6CF50009979F /* AccessGranted.wav in Resources */ = {isa = PBXBuildFile; fileRef = 800E7271227D6CF50009979F /* AccessGranted.wav */; };
		800E7279227E07EF0009979F /* EntrantType.swift in Sources */ = {isa = PBXBuildFile; fileRef = 800E7278227E07EF0009979F /* EntrantType.swift */; };
		800E727B227E08360009979F /* SwipeErrror.swift in Sources */ = {isa = PBXBuildFile; fileRef = 800E727A227E08360009979F /* SwipeErrror.swift */; };
		800E727D227E085C0009979F /* ParkCheckpoint.swift in Sources */ = {isa = PBXBuildFile; fileRef = 800E727C227E085C0009979F /* ParkCheckpoint.swift */; };
		80B0C58D228F3A7900DB148B /* SeasonPassGuest.swift in Sources */ = {isa = PBXBuildFile; fileRef = 80B0C58C228F3A7900DB148B /* SeasonPassGuest.swift */; };
		80B0C58F228F3BED00DB148B /* SeniorGuest.swift in Sources */ = {isa = PBXBuildFile; fileRef = 80B0C58E228F3BED00DB148B /* SeniorGuest.swift */; };
		80B0C591228F424600DB148B /* Vendor.swift in Sources */ = {isa = PBXBuildFile; fileRef = 80B0C590228F424600DB148B /* Vendor.swift */; };
		80B0C596228FEBE200DB148B /* String.swift in Sources */ = {isa = PBXBuildFile; fileRef = 80B0C595228FEBE200DB148B /* String.swift */; };
		80DD2C70225DC1AA001CBFEC /* AppDelegate.swift in Sources */ = {isa = PBXBuildFile; fileRef = 80DD2C6F225DC1AA001CBFEC /* AppDelegate.swift */; };
		80DD2C72225DC1AA001CBFEC /* ViewController.swift in Sources */ = {isa = PBXBuildFile; fileRef = 80DD2C71225DC1AA001CBFEC /* ViewController.swift */; };
		80DD2C75225DC1AA001CBFEC /* Main.storyboard in Resources */ = {isa = PBXBuildFile; fileRef = 80DD2C73225DC1AA001CBFEC /* Main.storyboard */; };
		80DD2C77225DC1AA001CBFEC /* Assets.xcassets in Resources */ = {isa = PBXBuildFile; fileRef = 80DD2C76225DC1AA001CBFEC /* Assets.xcassets */; };
		80DD2C7A225DC1AA001CBFEC /* LaunchScreen.storyboard in Resources */ = {isa = PBXBuildFile; fileRef = 80DD2C78225DC1AA001CBFEC /* LaunchScreen.storyboard */; };
		80DD2C85225E7BBE001CBFEC /* Guest.swift in Sources */ = {isa = PBXBuildFile; fileRef = 80DD2C84225E7BBE001CBFEC /* Guest.swift */; };
		80DD2C8F225E7CCA001CBFEC /* Employee.swift in Sources */ = {isa = PBXBuildFile; fileRef = 80DD2C8E225E7CCA001CBFEC /* Employee.swift */; };
		80DD2CA422645877001CBFEC /* EntryPass.swift in Sources */ = {isa = PBXBuildFile; fileRef = 80DD2CA322645877001CBFEC /* EntryPass.swift */; };
		E4C11135226B02C500E096A3 /* Entrant.swift in Sources */ = {isa = PBXBuildFile; fileRef = E4C11134226B02C500E096A3 /* Entrant.swift */; };
/* End PBXBuildFile section */

/* Begin PBXFileReference section */
		800E725B2279AC930009979F /* ParkCheckpoints.swift */ = {isa = PBXFileReference; lastKnownFileType = sourcecode.swift; path = ParkCheckpoints.swift; sourceTree = "<group>"; };
		800E725D2279ACAE0009979F /* ParkArea.swift */ = {isa = PBXFileReference; lastKnownFileType = sourcecode.swift; path = ParkArea.swift; sourceTree = "<group>"; };
		800E725F2279ACED0009979F /* RideAccess.swift */ = {isa = PBXFileReference; lastKnownFileType = sourcecode.swift; path = RideAccess.swift; sourceTree = "<group>"; };
		800E72612279AD180009979F /* DiscountAccess.swift */ = {isa = PBXFileReference; lastKnownFileType = sourcecode.swift; path = DiscountAccess.swift; sourceTree = "<group>"; };
		800E72642279AD550009979F /* InvalidData.swift */ = {isa = PBXFileReference; lastKnownFileType = sourcecode.swift; path = InvalidData.swift; sourceTree = "<group>"; };
		800E72662279DDE20009979F /* MissingData.swift */ = {isa = PBXFileReference; lastKnownFileType = sourcecode.swift; path = MissingData.swift; sourceTree = "<group>"; };
		800E726A2279EBE20009979F /* PersonalInformation.swift */ = {isa = PBXFileReference; lastKnownFileType = sourcecode.swift; path = PersonalInformation.swift; sourceTree = "<group>"; };
		800E726C227C11CE0009979F /* ChildGuest.swift */ = {isa = PBXFileReference; lastKnownFileType = sourcecode.swift; path = ChildGuest.swift; sourceTree = "<group>"; };
		800E7270227D6CF50009979F /* AccessDenied.wav */ = {isa = PBXFileReference; lastKnownFileType = audio.wav; path = AccessDenied.wav; sourceTree = "<group>"; };
		800E7271227D6CF50009979F /* AccessGranted.wav */ = {isa = PBXFileReference; lastKnownFileType = audio.wav; path = AccessGranted.wav; sourceTree = "<group>"; };
		800E7278227E07EF0009979F /* EntrantType.swift */ = {isa = PBXFileReference; lastKnownFileType = sourcecode.swift; path = EntrantType.swift; sourceTree = "<group>"; };
		800E727A227E08360009979F /* SwipeErrror.swift */ = {isa = PBXFileReference; lastKnownFileType = sourcecode.swift; path = SwipeErrror.swift; sourceTree = "<group>"; };
		800E727C227E085C0009979F /* ParkCheckpoint.swift */ = {isa = PBXFileReference; lastKnownFileType = sourcecode.swift; path = ParkCheckpoint.swift; sourceTree = "<group>"; };
		80B0C58C228F3A7900DB148B /* SeasonPassGuest.swift */ = {isa = PBXFileReference; lastKnownFileType = sourcecode.swift; path = SeasonPassGuest.swift; sourceTree = "<group>"; };
		80B0C58E228F3BED00DB148B /* SeniorGuest.swift */ = {isa = PBXFileReference; lastKnownFileType = sourcecode.swift; path = SeniorGuest.swift; sourceTree = "<group>"; };
		80B0C590228F424600DB148B /* Vendor.swift */ = {isa = PBXFileReference; lastKnownFileType = sourcecode.swift; path = Vendor.swift; sourceTree = "<group>"; };
		80B0C595228FEBE200DB148B /* String.swift */ = {isa = PBXFileReference; lastKnownFileType = sourcecode.swift; path = String.swift; sourceTree = "<group>"; };
		80DD2C6C225DC1AA001CBFEC /* Pass Generator.app */ = {isa = PBXFileReference; explicitFileType = wrapper.application; includeInIndex = 0; path = "Pass Generator.app"; sourceTree = BUILT_PRODUCTS_DIR; };
		80DD2C6F225DC1AA001CBFEC /* AppDelegate.swift */ = {isa = PBXFileReference; lastKnownFileType = sourcecode.swift; path = AppDelegate.swift; sourceTree = "<group>"; };
		80DD2C71225DC1AA001CBFEC /* ViewController.swift */ = {isa = PBXFileReference; lastKnownFileType = sourcecode.swift; path = ViewController.swift; sourceTree = "<group>"; };
		80DD2C74225DC1AA001CBFEC /* Base */ = {isa = PBXFileReference; lastKnownFileType = file.storyboard; name = Base; path = Base.lproj/Main.storyboard; sourceTree = "<group>"; };
		80DD2C76225DC1AA001CBFEC /* Assets.xcassets */ = {isa = PBXFileReference; lastKnownFileType = folder.assetcatalog; path = Assets.xcassets; sourceTree = "<group>"; };
		80DD2C79225DC1AA001CBFEC /* Base */ = {isa = PBXFileReference; lastKnownFileType = file.storyboard; name = Base; path = Base.lproj/LaunchScreen.storyboard; sourceTree = "<group>"; };
		80DD2C7B225DC1AA001CBFEC /* Info.plist */ = {isa = PBXFileReference; lastKnownFileType = text.plist.xml; path = Info.plist; sourceTree = "<group>"; };
		80DD2C84225E7BBE001CBFEC /* Guest.swift */ = {isa = PBXFileReference; lastKnownFileType = sourcecode.swift; path = Guest.swift; sourceTree = "<group>"; };
		80DD2C8E225E7CCA001CBFEC /* Employee.swift */ = {isa = PBXFileReference; lastKnownFileType = sourcecode.swift; path = Employee.swift; sourceTree = "<group>"; };
		80DD2CA322645877001CBFEC /* EntryPass.swift */ = {isa = PBXFileReference; lastKnownFileType = sourcecode.swift; path = EntryPass.swift; sourceTree = "<group>"; };
		E4C11134226B02C500E096A3 /* Entrant.swift */ = {isa = PBXFileReference; lastKnownFileType = sourcecode.swift; path = Entrant.swift; sourceTree = "<group>"; };
/* End PBXFileReference section */

/* Begin PBXFrameworksBuildPhase section */
		80DD2C69225DC1AA001CBFEC /* Frameworks */ = {
			isa = PBXFrameworksBuildPhase;
			buildActionMask = 2147483647;
			files = (
			);
			runOnlyForDeploymentPostprocessing = 0;
		};
/* End PBXFrameworksBuildPhase section */

/* Begin PBXGroup section */
		800E72592279AC6A0009979F /* ParkCheckpoints */ = {
			isa = PBXGroup;
			children = (
				800E725B2279AC930009979F /* ParkCheckpoints.swift */,
			);
			path = ParkCheckpoints;
			sourceTree = "<group>";
		};
		800E725A2279AC760009979F /* Types */ = {
			isa = PBXGroup;
			children = (
				800E7278227E07EF0009979F /* EntrantType.swift */,
				800E726A2279EBE20009979F /* PersonalInformation.swift */,
				800E725D2279ACAE0009979F /* ParkArea.swift */,
				800E725F2279ACED0009979F /* RideAccess.swift */,
				800E72612279AD180009979F /* DiscountAccess.swift */,
				800E727C227E085C0009979F /* ParkCheckpoint.swift */,
				800E72632279AD2D0009979F /* Errors */,
			);
			path = Types;
			sourceTree = "<group>";
		};
		800E72632279AD2D0009979F /* Errors */ = {
			isa = PBXGroup;
			children = (
				800E72642279AD550009979F /* InvalidData.swift */,
				800E72662279DDE20009979F /* MissingData.swift */,
				800E727A227E08360009979F /* SwipeErrror.swift */,
			);
			path = Errors;
			sourceTree = "<group>";
		};
		800E726E227D6C880009979F /* Assets */ = {
			isa = PBXGroup;
			children = (
				800E726F227D6C990009979F /* Sounds */,
				80DD2C76225DC1AA001CBFEC /* Assets.xcassets */,
			);
			path = Assets;
			sourceTree = "<group>";
		};
		800E726F227D6C990009979F /* Sounds */ = {
			isa = PBXGroup;
			children = (
				800E7270227D6CF50009979F /* AccessDenied.wav */,
				800E7271227D6CF50009979F /* AccessGranted.wav */,
			);
			path = Sounds;
			sourceTree = "<group>";
		};
		80B0C594228FEBBC00DB148B /* Extensions */ = {
			isa = PBXGroup;
			children = (
				80B0C595228FEBE200DB148B /* String.swift */,
			);
			path = Extensions;
			sourceTree = "<group>";
		};
		80DD2C63225DC1AA001CBFEC = {
			isa = PBXGroup;
			children = (
				80DD2C6E225DC1AA001CBFEC /* Pass Generator */,
				80DD2C6D225DC1AA001CBFEC /* Products */,
			);
			sourceTree = "<group>";
		};
		80DD2C6D225DC1AA001CBFEC /* Products */ = {
			isa = PBXGroup;
			children = (
				80DD2C6C225DC1AA001CBFEC /* Pass Generator.app */,
			);
			name = Products;
			sourceTree = "<group>";
		};
		80DD2C6E225DC1AA001CBFEC /* Pass Generator */ = {
			isa = PBXGroup;
			children = (
				80DD2C83225E5EB8001CBFEC /* Models */,
				80DD2C9D22622778001CBFEC /* Views */,
				80DD2C9E2262278E001CBFEC /* Controllers */,
				800E726E227D6C880009979F /* Assets */,
				80DD2C6F225DC1AA001CBFEC /* AppDelegate.swift */,
				80DD2C7B225DC1AA001CBFEC /* Info.plist */,
			);
			path = "Pass Generator";
			sourceTree = "<group>";
		};
		80DD2C83225E5EB8001CBFEC /* Models */ = {
			isa = PBXGroup;
			children = (
				80B0C594228FEBBC00DB148B /* Extensions */,
				800E725A2279AC760009979F /* Types */,
				80DD2C86225E7BD7001CBFEC /* Entrants */,
				80DD2C9C22622745001CBFEC /* Pass */,
				800E72592279AC6A0009979F /* ParkCheckpoints */,
			);
			path = Models;
			sourceTree = "<group>";
		};
		80DD2C86225E7BD7001CBFEC /* Entrants */ = {
			isa = PBXGroup;
			children = (
				E4C11134226B02C500E096A3 /* Entrant.swift */,
				80DD2C84225E7BBE001CBFEC /* Guest.swift */,
				800E726C227C11CE0009979F /* ChildGuest.swift */,
				80B0C58C228F3A7900DB148B /* SeasonPassGuest.swift */,
				80B0C58E228F3BED00DB148B /* SeniorGuest.swift */,
				80DD2C8E225E7CCA001CBFEC /* Employee.swift */,
				80B0C590228F424600DB148B /* Vendor.swift */,
			);
			path = Entrants;
			sourceTree = "<group>";
		};
		80DD2C9C22622745001CBFEC /* Pass */ = {
			isa = PBXGroup;
			children = (
				80DD2CA322645877001CBFEC /* EntryPass.swift */,
			);
			path = Pass;
			sourceTree = "<group>";
		};
		80DD2C9D22622778001CBFEC /* Views */ = {
			isa = PBXGroup;
			children = (
				80DD2C73225DC1AA001CBFEC /* Main.storyboard */,
				80DD2C78225DC1AA001CBFEC /* LaunchScreen.storyboard */,
			);
			path = Views;
			sourceTree = "<group>";
		};
		80DD2C9E2262278E001CBFEC /* Controllers */ = {
			isa = PBXGroup;
			children = (
				80DD2C71225DC1AA001CBFEC /* ViewController.swift */,
			);
			path = Controllers;
			sourceTree = "<group>";
		};
/* End PBXGroup section */

/* Begin PBXNativeTarget section */
		80DD2C6B225DC1AA001CBFEC /* Pass Generator */ = {
			isa = PBXNativeTarget;
			buildConfigurationList = 80DD2C7E225DC1AA001CBFEC /* Build configuration list for PBXNativeTarget "Pass Generator" */;
			buildPhases = (
				80DD2C68225DC1AA001CBFEC /* Sources */,
				80DD2C69225DC1AA001CBFEC /* Frameworks */,
				80DD2C6A225DC1AA001CBFEC /* Resources */,
			);
			buildRules = (
			);
			dependencies = (
			);
			name = "Pass Generator";
			productName = "Pass Generator";
			productReference = 80DD2C6C225DC1AA001CBFEC /* Pass Generator.app */;
			productType = "com.apple.product-type.application";
		};
/* End PBXNativeTarget section */

/* Begin PBXProject section */
		80DD2C64225DC1AA001CBFEC /* Project object */ = {
			isa = PBXProject;
			attributes = {
				LastSwiftUpdateCheck = 1020;
				LastUpgradeCheck = 1020;
				ORGANIZATIONNAME = "Lukas Kasakaitis";
				TargetAttributes = {
					80DD2C6B225DC1AA001CBFEC = {
						CreatedOnToolsVersion = 10.2;
					};
				};
			};
			buildConfigurationList = 80DD2C67225DC1AA001CBFEC /* Build configuration list for PBXProject "Pass Generator" */;
			compatibilityVersion = "Xcode 9.3";
			developmentRegion = en;
			hasScannedForEncodings = 0;
			knownRegions = (
				en,
				Base,
			);
			mainGroup = 80DD2C63225DC1AA001CBFEC;
			productRefGroup = 80DD2C6D225DC1AA001CBFEC /* Products */;
			projectDirPath = "";
			projectRoot = "";
			targets = (
				80DD2C6B225DC1AA001CBFEC /* Pass Generator */,
			);
		};
/* End PBXProject section */

/* Begin PBXResourcesBuildPhase section */
		80DD2C6A225DC1AA001CBFEC /* Resources */ = {
			isa = PBXResourcesBuildPhase;
			buildActionMask = 2147483647;
			files = (
				80DD2C7A225DC1AA001CBFEC /* LaunchScreen.storyboard in Resources */,
				800E7273227D6CF50009979F /* AccessGranted.wav in Resources */,
				80DD2C77225DC1AA001CBFEC /* Assets.xcassets in Resources */,
				80DD2C75225DC1AA001CBFEC /* Main.storyboard in Resources */,
				800E7272227D6CF50009979F /* AccessDenied.wav in Resources */,
			);
			runOnlyForDeploymentPostprocessing = 0;
		};
/* End PBXResourcesBuildPhase section */

/* Begin PBXSourcesBuildPhase section */
		80DD2C68225DC1AA001CBFEC /* Sources */ = {
			isa = PBXSourcesBuildPhase;
			buildActionMask = 2147483647;
			files = (
				800E72672279DDE20009979F /* MissingData.swift in Sources */,
				80B0C58F228F3BED00DB148B /* SeniorGuest.swift in Sources */,
				80DD2C72225DC1AA001CBFEC /* ViewController.swift in Sources */,
				800E72602279ACED0009979F /* RideAccess.swift in Sources */,
				800E72622279AD180009979F /* DiscountAccess.swift in Sources */,
				80B0C58D228F3A7900DB148B /* SeasonPassGuest.swift in Sources */,
				800E725C2279AC930009979F /* ParkCheckpoints.swift in Sources */,
				80DD2C8F225E7CCA001CBFEC /* Employee.swift in Sources */,
				800E726B2279EBE20009979F /* PersonalInformation.swift in Sources */,
				800E727D227E085C0009979F /* ParkCheckpoint.swift in Sources */,
				800E726D227C11CE0009979F /* ChildGuest.swift in Sources */,
				80DD2C70225DC1AA001CBFEC /* AppDelegate.swift in Sources */,
				80DD2CA422645877001CBFEC /* EntryPass.swift in Sources */,
				800E7279227E07EF0009979F /* EntrantType.swift in Sources */,
				80DD2C85225E7BBE001CBFEC /* Guest.swift in Sources */,
				800E725E2279ACAE0009979F /* ParkArea.swift in Sources */,
				E4C11135226B02C500E096A3 /* Entrant.swift in Sources */,
				80B0C591228F424600DB148B /* Vendor.swift in Sources */,
				80B0C596228FEBE200DB148B /* String.swift in Sources */,
				800E72652279AD550009979F /* InvalidData.swift in Sources */,
				800E727B227E08360009979F /* SwipeErrror.swift in Sources */,
			);
			runOnlyForDeploymentPostprocessing = 0;
		};
/* End PBXSourcesBuildPhase section */

/* Begin PBXVariantGroup section */
		80DD2C73225DC1AA001CBFEC /* Main.storyboard */ = {
			isa = PBXVariantGroup;
			children = (
				80DD2C74225DC1AA001CBFEC /* Base */,
			);
			name = Main.storyboard;
			sourceTree = "<group>";
		};
		80DD2C78225DC1AA001CBFEC /* LaunchScreen.storyboard */ = {
			isa = PBXVariantGroup;
			children = (
				80DD2C79225DC1AA001CBFEC /* Base */,
			);
			name = LaunchScreen.storyboard;
			sourceTree = "<group>";
		};
/* End PBXVariantGroup section */

/* Begin XCBuildConfiguration section */
		80DD2C7C225DC1AA001CBFEC /* Debug */ = {
			isa = XCBuildConfiguration;
			buildSettings = {
				ALWAYS_SEARCH_USER_PATHS = NO;
				CLANG_ANALYZER_NONNULL = YES;
				CLANG_ANALYZER_NUMBER_OBJECT_CONVERSION = YES_AGGRESSIVE;
				CLANG_CXX_LANGUAGE_STANDARD = "gnu++14";
				CLANG_CXX_LIBRARY = "libc++";
				CLANG_ENABLE_MODULES = YES;
				CLANG_ENABLE_OBJC_ARC = YES;
				CLANG_ENABLE_OBJC_WEAK = YES;
				CLANG_WARN_BLOCK_CAPTURE_AUTORELEASING = YES;
				CLANG_WARN_BOOL_CONVERSION = YES;
				CLANG_WARN_COMMA = YES;
				CLANG_WARN_CONSTANT_CONVERSION = YES;
				CLANG_WARN_DEPRECATED_OBJC_IMPLEMENTATIONS = YES;
				CLANG_WARN_DIRECT_OBJC_ISA_USAGE = YES_ERROR;
				CLANG_WARN_DOCUMENTATION_COMMENTS = YES;
				CLANG_WARN_EMPTY_BODY = YES;
				CLANG_WARN_ENUM_CONVERSION = YES;
				CLANG_WARN_INFINITE_RECURSION = YES;
				CLANG_WARN_INT_CONVERSION = YES;
				CLANG_WARN_NON_LITERAL_NULL_CONVERSION = YES;
				CLANG_WARN_OBJC_IMPLICIT_RETAIN_SELF = YES;
				CLANG_WARN_OBJC_LITERAL_CONVERSION = YES;
				CLANG_WARN_OBJC_ROOT_CLASS = YES_ERROR;
				CLANG_WARN_RANGE_LOOP_ANALYSIS = YES;
				CLANG_WARN_STRICT_PROTOTYPES = YES;
				CLANG_WARN_SUSPICIOUS_MOVE = YES;
				CLANG_WARN_UNGUARDED_AVAILABILITY = YES_AGGRESSIVE;
				CLANG_WARN_UNREACHABLE_CODE = YES;
				CLANG_WARN__DUPLICATE_METHOD_MATCH = YES;
				CODE_SIGN_IDENTITY = "iPhone Developer";
				COPY_PHASE_STRIP = NO;
				DEBUG_INFORMATION_FORMAT = dwarf;
				ENABLE_STRICT_OBJC_MSGSEND = YES;
				ENABLE_TESTABILITY = YES;
				GCC_C_LANGUAGE_STANDARD = gnu11;
				GCC_DYNAMIC_NO_PIC = NO;
				GCC_NO_COMMON_BLOCKS = YES;
				GCC_OPTIMIZATION_LEVEL = 0;
				GCC_PREPROCESSOR_DEFINITIONS = (
					"DEBUG=1",
					"$(inherited)",
				);
				GCC_WARN_64_TO_32_BIT_CONVERSION = YES;
				GCC_WARN_ABOUT_RETURN_TYPE = YES_ERROR;
				GCC_WARN_UNDECLARED_SELECTOR = YES;
				GCC_WARN_UNINITIALIZED_AUTOS = YES_AGGRESSIVE;
				GCC_WARN_UNUSED_FUNCTION = YES;
				GCC_WARN_UNUSED_VARIABLE = YES;
				IPHONEOS_DEPLOYMENT_TARGET = 12.2;
				MTL_ENABLE_DEBUG_INFO = INCLUDE_SOURCE;
				MTL_FAST_MATH = YES;
				ONLY_ACTIVE_ARCH = YES;
				SDKROOT = iphoneos;
				SWIFT_ACTIVE_COMPILATION_CONDITIONS = DEBUG;
				SWIFT_OPTIMIZATION_LEVEL = "-Onone";
			};
			name = Debug;
		};
		80DD2C7D225DC1AA001CBFEC /* Release */ = {
			isa = XCBuildConfiguration;
			buildSettings = {
				ALWAYS_SEARCH_USER_PATHS = NO;
				CLANG_ANALYZER_NONNULL = YES;
				CLANG_ANALYZER_NUMBER_OBJECT_CONVERSION = YES_AGGRESSIVE;
				CLANG_CXX_LANGUAGE_STANDARD = "gnu++14";
				CLANG_CXX_LIBRARY = "libc++";
				CLANG_ENABLE_MODULES = YES;
				CLANG_ENABLE_OBJC_ARC = YES;
				CLANG_ENABLE_OBJC_WEAK = YES;
				CLANG_WARN_BLOCK_CAPTURE_AUTORELEASING = YES;
				CLANG_WARN_BOOL_CONVERSION = YES;
				CLANG_WARN_COMMA = YES;
				CLANG_WARN_CONSTANT_CONVERSION = YES;
				CLANG_WARN_DEPRECATED_OBJC_IMPLEMENTATIONS = YES;
				CLANG_WARN_DIRECT_OBJC_ISA_USAGE = YES_ERROR;
				CLANG_WARN_DOCUMENTATION_COMMENTS = YES;
				CLANG_WARN_EMPTY_BODY = YES;
				CLANG_WARN_ENUM_CONVERSION = YES;
				CLANG_WARN_INFINITE_RECURSION = YES;
				CLANG_WARN_INT_CONVERSION = YES;
				CLANG_WARN_NON_LITERAL_NULL_CONVERSION = YES;
				CLANG_WARN_OBJC_IMPLICIT_RETAIN_SELF = YES;
				CLANG_WARN_OBJC_LITERAL_CONVERSION = YES;
				CLANG_WARN_OBJC_ROOT_CLASS = YES_ERROR;
				CLANG_WARN_RANGE_LOOP_ANALYSIS = YES;
				CLANG_WARN_STRICT_PROTOTYPES = YES;
				CLANG_WARN_SUSPICIOUS_MOVE = YES;
				CLANG_WARN_UNGUARDED_AVAILABILITY = YES_AGGRESSIVE;
				CLANG_WARN_UNREACHABLE_CODE = YES;
				CLANG_WARN__DUPLICATE_METHOD_MATCH = YES;
				CODE_SIGN_IDENTITY = "iPhone Developer";
				COPY_PHASE_STRIP = NO;
				DEBUG_INFORMATION_FORMAT = "dwarf-with-dsym";
				ENABLE_NS_ASSERTIONS = NO;
				ENABLE_STRICT_OBJC_MSGSEND = YES;
				GCC_C_LANGUAGE_STANDARD = gnu11;
				GCC_NO_COMMON_BLOCKS = YES;
				GCC_WARN_64_TO_32_BIT_CONVERSION = YES;
				GCC_WARN_ABOUT_RETURN_TYPE = YES_ERROR;
				GCC_WARN_UNDECLARED_SELECTOR = YES;
				GCC_WARN_UNINITIALIZED_AUTOS = YES_AGGRESSIVE;
				GCC_WARN_UNUSED_FUNCTION = YES;
				GCC_WARN_UNUSED_VARIABLE = YES;
				IPHONEOS_DEPLOYMENT_TARGET = 12.2;
				MTL_ENABLE_DEBUG_INFO = NO;
				MTL_FAST_MATH = YES;
				SDKROOT = iphoneos;
				SWIFT_COMPILATION_MODE = wholemodule;
				SWIFT_OPTIMIZATION_LEVEL = "-O";
				VALIDATE_PRODUCT = YES;
			};
			name = Release;
		};
		80DD2C7F225DC1AA001CBFEC /* Debug */ = {
			isa = XCBuildConfiguration;
			buildSettings = {
				ASSETCATALOG_COMPILER_APPICON_NAME = AppIcon;
				CODE_SIGN_STYLE = Automatic;
				DEVELOPMENT_TEAM = 95K8REC8NW;
				INFOPLIST_FILE = "Pass Generator/Info.plist";
				LD_RUNPATH_SEARCH_PATHS = (
					"$(inherited)",
					"@executable_path/Frameworks",
				);
				PRODUCT_BUNDLE_IDENTIFIER = "com.lukaskasakaitis.Pass-Generator";
				PRODUCT_NAME = "$(TARGET_NAME)";
				SWIFT_VERSION = 5.0;
				TARGETED_DEVICE_FAMILY = 2;
			};
			name = Debug;
		};
		80DD2C80225DC1AA001CBFEC /* Release */ = {
			isa = XCBuildConfiguration;
			buildSettings = {
				ASSETCATALOG_COMPILER_APPICON_NAME = AppIcon;
				CODE_SIGN_STYLE = Automatic;
				DEVELOPMENT_TEAM = 95K8REC8NW;
				INFOPLIST_FILE = "Pass Generator/Info.plist";
				LD_RUNPATH_SEARCH_PATHS = (
					"$(inherited)",
					"@executable_path/Frameworks",
				);
				PRODUCT_BUNDLE_IDENTIFIER = "com.lukaskasakaitis.Pass-Generator";
				PRODUCT_NAME = "$(TARGET_NAME)";
				SWIFT_VERSION = 5.0;
				TARGETED_DEVICE_FAMILY = 2;
			};
			name = Release;
		};
/* End XCBuildConfiguration section */

/* Begin XCConfigurationList section */
		80DD2C67225DC1AA001CBFEC /* Build configuration list for PBXProject "Pass Generator" */ = {
			isa = XCConfigurationList;
			buildConfigurations = (
				80DD2C7C225DC1AA001CBFEC /* Debug */,
				80DD2C7D225DC1AA001CBFEC /* Release */,
			);
			defaultConfigurationIsVisible = 0;
			defaultConfigurationName = Release;
		};
		80DD2C7E225DC1AA001CBFEC /* Build configuration list for PBXNativeTarget "Pass Generator" */ = {
			isa = XCConfigurationList;
			buildConfigurations = (
				80DD2C7F225DC1AA001CBFEC /* Debug */,
				80DD2C80225DC1AA001CBFEC /* Release */,
			);
			defaultConfigurationIsVisible = 0;
			defaultConfigurationName = Release;
		};
/* End XCConfigurationList section */
	};
	rootObject = 80DD2C64225DC1AA001CBFEC /* Project object */;
}
