// !$*UTF8*$!
{
	archiveVersion = 1;
	classes = {
	};
	objectVersion = 50;
	objects = {

/* Begin PBXBuildFile section */
		80DD2C70225DC1AA001CBFEC /* AppDelegate.swift in Sources */ = {isa = PBXBuildFile; fileRef = 80DD2C6F225DC1AA001CBFEC /* AppDelegate.swift */; };
		80DD2C72225DC1AA001CBFEC /* ViewController.swift in Sources */ = {isa = PBXBuildFile; fileRef = 80DD2C71225DC1AA001CBFEC /* ViewController.swift */; };
		80DD2C75225DC1AA001CBFEC /* Main.storyboard in Resources */ = {isa = PBXBuildFile; fileRef = 80DD2C73225DC1AA001CBFEC /* Main.storyboard */; };
		80DD2C77225DC1AA001CBFEC /* Assets.xcassets in Resources */ = {isa = PBXBuildFile; fileRef = 80DD2C76225DC1AA001CBFEC /* Assets.xcassets */; };
		80DD2C7A225DC1AA001CBFEC /* LaunchScreen.storyboard in Resources */ = {isa = PBXBuildFile; fileRef = 80DD2C78225DC1AA001CBFEC /* LaunchScreen.storyboard */; };
		80DD2C82225E5EB4001CBFEC /* Protocols.swift in Sources */ = {isa = PBXBuildFile; fileRef = 80DD2C81225E5EB4001CBFEC /* Protocols.swift */; };
		80DD2C85225E7BBE001CBFEC /* Guest.swift in Sources */ = {isa = PBXBuildFile; fileRef = 80DD2C84225E7BBE001CBFEC /* Guest.swift */; };
		80DD2C8F225E7CCA001CBFEC /* Employee.swift in Sources */ = {isa = PBXBuildFile; fileRef = 80DD2C8E225E7CCA001CBFEC /* Employee.swift */; };
		80DD2CA422645877001CBFEC /* ClassicPass.swift in Sources */ = {isa = PBXBuildFile; fileRef = 80DD2CA322645877001CBFEC /* ClassicPass.swift */; };
		E4C11135226B02C500E096A3 /* Entrant.swift in Sources */ = {isa = PBXBuildFile; fileRef = E4C11134226B02C500E096A3 /* Entrant.swift */; };
		E4C111372271854900E096A3 /* EmployeePass.swift in Sources */ = {isa = PBXBuildFile; fileRef = E4C111362271854900E096A3 /* EmployeePass.swift */; };
		E4C111392272D44400E096A3 /* VipPass.swift in Sources */ = {isa = PBXBuildFile; fileRef = E4C111382272D44400E096A3 /* VipPass.swift */; };
		E4C1113B227370D000E096A3 /* ChildPass.swift in Sources */ = {isa = PBXBuildFile; fileRef = E4C1113A227370D000E096A3 /* ChildPass.swift */; };
/* End PBXBuildFile section */

/* Begin PBXFileReference section */
		80DD2C6C225DC1AA001CBFEC /* Pass Generator.app */ = {isa = PBXFileReference; explicitFileType = wrapper.application; includeInIndex = 0; path = "Pass Generator.app"; sourceTree = BUILT_PRODUCTS_DIR; };
		80DD2C6F225DC1AA001CBFEC /* AppDelegate.swift */ = {isa = PBXFileReference; lastKnownFileType = sourcecode.swift; path = AppDelegate.swift; sourceTree = "<group>"; };
		80DD2C71225DC1AA001CBFEC /* ViewController.swift */ = {isa = PBXFileReference; lastKnownFileType = sourcecode.swift; path = ViewController.swift; sourceTree = "<group>"; };
		80DD2C74225DC1AA001CBFEC /* Base */ = {isa = PBXFileReference; lastKnownFileType = file.storyboard; name = Base; path = Base.lproj/Main.storyboard; sourceTree = "<group>"; };
		80DD2C76225DC1AA001CBFEC /* Assets.xcassets */ = {isa = PBXFileReference; lastKnownFileType = folder.assetcatalog; path = Assets.xcassets; sourceTree = "<group>"; };
		80DD2C79225DC1AA001CBFEC /* Base */ = {isa = PBXFileReference; lastKnownFileType = file.storyboard; name = Base; path = Base.lproj/LaunchScreen.storyboard; sourceTree = "<group>"; };
		80DD2C7B225DC1AA001CBFEC /* Info.plist */ = {isa = PBXFileReference; lastKnownFileType = text.plist.xml; path = Info.plist; sourceTree = "<group>"; };
		80DD2C81225E5EB4001CBFEC /* Protocols.swift */ = {isa = PBXFileReference; lastKnownFileType = sourcecode.swift; path = Protocols.swift; sourceTree = "<group>"; };
		80DD2C84225E7BBE001CBFEC /* Guest.swift */ = {isa = PBXFileReference; lastKnownFileType = sourcecode.swift; path = Guest.swift; sourceTree = "<group>"; };
		80DD2C8E225E7CCA001CBFEC /* Employee.swift */ = {isa = PBXFileReference; lastKnownFileType = sourcecode.swift; path = Employee.swift; sourceTree = "<group>"; };
		80DD2CA322645877001CBFEC /* ClassicPass.swift */ = {isa = PBXFileReference; lastKnownFileType = sourcecode.swift; path = ClassicPass.swift; sourceTree = "<group>"; };
		E4C11134226B02C500E096A3 /* Entrant.swift */ = {isa = PBXFileReference; lastKnownFileType = sourcecode.swift; path = Entrant.swift; sourceTree = "<group>"; };
		E4C111362271854900E096A3 /* EmployeePass.swift */ = {isa = PBXFileReference; lastKnownFileType = sourcecode.swift; path = EmployeePass.swift; sourceTree = "<group>"; };
		E4C111382272D44400E096A3 /* VipPass.swift */ = {isa = PBXFileReference; lastKnownFileType = sourcecode.swift; path = VipPass.swift; sourceTree = "<group>"; };
		E4C1113A227370D000E096A3 /* ChildPass.swift */ = {isa = PBXFileReference; lastKnownFileType = sourcecode.swift; path = ChildPass.swift; sourceTree = "<group>"; };
/* End PBXFileReference section */

/* Begin PBXFrameworksBuildPhase section */
		80DD2C69225DC1AA001CBFEC /* Frameworks */ = {
			isa = PBXFrameworksBuildPhase;
			buildActionMask = 2147483647;
			files = (
			);
			runOnlyForDeploymentPostprocessing = 0;
		};
/* End PBXFrameworksBuildPhase section */

/* Begin PBXGroup section */
		80DD2C63225DC1AA001CBFEC = {
			isa = PBXGroup;
			children = (
				80DD2C6E225DC1AA001CBFEC /* Pass Generator */,
				80DD2C6D225DC1AA001CBFEC /* Products */,
			);
			sourceTree = "<group>";
		};
		80DD2C6D225DC1AA001CBFEC /* Products */ = {
			isa = PBXGroup;
			children = (
				80DD2C6C225DC1AA001CBFEC /* Pass Generator.app */,
			);
			name = Products;
			sourceTree = "<group>";
		};
		80DD2C6E225DC1AA001CBFEC /* Pass Generator */ = {
			isa = PBXGroup;
			children = (
				80DD2C83225E5EB8001CBFEC /* Models */,
				80DD2C9D22622778001CBFEC /* Views */,
				80DD2C9E2262278E001CBFEC /* Controllers */,
				80DD2C76225DC1AA001CBFEC /* Assets.xcassets */,
				80DD2C6F225DC1AA001CBFEC /* AppDelegate.swift */,
				80DD2C7B225DC1AA001CBFEC /* Info.plist */,
			);
			path = "Pass Generator";
			sourceTree = "<group>";
		};
		80DD2C83225E5EB8001CBFEC /* Models */ = {
			isa = PBXGroup;
			children = (
				80DD2C81225E5EB4001CBFEC /* Protocols.swift */,
				80DD2C86225E7BD7001CBFEC /* Entrants */,
				80DD2C9C22622745001CBFEC /* Passes */,
			);
			path = Models;
			sourceTree = "<group>";
		};
		80DD2C86225E7BD7001CBFEC /* Entrants */ = {
			isa = PBXGroup;
			children = (
				E4C11134226B02C500E096A3 /* Entrant.swift */,
				80DD2C84225E7BBE001CBFEC /* Guest.swift */,
				80DD2C8E225E7CCA001CBFEC /* Employee.swift */,
			);
			path = Entrants;
			sourceTree = "<group>";
		};
		80DD2C9C22622745001CBFEC /* Passes */ = {
			isa = PBXGroup;
			children = (
				80DD2CA322645877001CBFEC /* ClassicPass.swift */,
				E4C111382272D44400E096A3 /* VipPass.swift */,
				E4C1113A227370D000E096A3 /* ChildPass.swift */,
				E4C111362271854900E096A3 /* EmployeePass.swift */,
			);
			path = Passes;
			sourceTree = "<group>";
		};
		80DD2C9D22622778001CBFEC /* Views */ = {
			isa = PBXGroup;
			children = (
				80DD2C73225DC1AA001CBFEC /* Main.storyboard */,
				80DD2C78225DC1AA001CBFEC /* LaunchScreen.storyboard */,
			);
			path = Views;
			sourceTree = "<group>";
		};
		80DD2C9E2262278E001CBFEC /* Controllers */ = {
			isa = PBXGroup;
			children = (
				80DD2C71225DC1AA001CBFEC /* ViewController.swift */,
			);
			path = Controllers;
			sourceTree = "<group>";
		};
/* End PBXGroup section */

/* Begin PBXNativeTarget section */
		80DD2C6B225DC1AA001CBFEC /* Pass Generator */ = {
			isa = PBXNativeTarget;
			buildConfigurationList = 80DD2C7E225DC1AA001CBFEC /* Build configuration list for PBXNativeTarget "Pass Generator" */;
			buildPhases = (
				80DD2C68225DC1AA001CBFEC /* Sources */,
				80DD2C69225DC1AA001CBFEC /* Frameworks */,
				80DD2C6A225DC1AA001CBFEC /* Resources */,
			);
			buildRules = (
			);
			dependencies = (
			);
			name = "Pass Generator";
			productName = "Pass Generator";
			productReference = 80DD2C6C225DC1AA001CBFEC /* Pass Generator.app */;
			productType = "com.apple.product-type.application";
		};
/* End PBXNativeTarget section */

/* Begin PBXProject section */
		80DD2C64225DC1AA001CBFEC /* Project object */ = {
			isa = PBXProject;
			attributes = {
				LastSwiftUpdateCheck = 1020;
				LastUpgradeCheck = 1020;
				ORGANIZATIONNAME = "Lukas Kasakaitis";
				TargetAttributes = {
					80DD2C6B225DC1AA001CBFEC = {
						CreatedOnToolsVersion = 10.2;
					};
				};
			};
			buildConfigurationList = 80DD2C67225DC1AA001CBFEC /* Build configuration list for PBXProject "Pass Generator" */;
			compatibilityVersion = "Xcode 9.3";
			developmentRegion = en;
			hasScannedForEncodings = 0;
			knownRegions = (
				en,
				Base,
			);
			mainGroup = 80DD2C63225DC1AA001CBFEC;
			productRefGroup = 80DD2C6D225DC1AA001CBFEC /* Products */;
			projectDirPath = "";
			projectRoot = "";
			targets = (
				80DD2C6B225DC1AA001CBFEC /* Pass Generator */,
			);
		};
/* End PBXProject section */

/* Begin PBXResourcesBuildPhase section */
		80DD2C6A225DC1AA001CBFEC /* Resources */ = {
			isa = PBXResourcesBuildPhase;
			buildActionMask = 2147483647;
			files = (
				80DD2C7A225DC1AA001CBFEC /* LaunchScreen.storyboard in Resources */,
				80DD2C77225DC1AA001CBFEC /* Assets.xcassets in Resources */,
				80DD2C75225DC1AA001CBFEC /* Main.storyboard in Resources */,
			);
			runOnlyForDeploymentPostprocessing = 0;
		};
/* End PBXResourcesBuildPhase section */

/* Begin PBXSourcesBuildPhase section */
		80DD2C68225DC1AA001CBFEC /* Sources */ = {
			isa = PBXSourcesBuildPhase;
			buildActionMask = 2147483647;
			files = (
				80DD2C72225DC1AA001CBFEC /* ViewController.swift in Sources */,
				E4C1113B227370D000E096A3 /* ChildPass.swift in Sources */,
				80DD2C8F225E7CCA001CBFEC /* Employee.swift in Sources */,
				E4C111392272D44400E096A3 /* VipPass.swift in Sources */,
				80DD2C70225DC1AA001CBFEC /* AppDelegate.swift in Sources */,
				80DD2CA422645877001CBFEC /* ClassicPass.swift in Sources */,
				80DD2C85225E7BBE001CBFEC /* Guest.swift in Sources */,
				E4C11135226B02C500E096A3 /* Entrant.swift in Sources */,
				E4C111372271854900E096A3 /* EmployeePass.swift in Sources */,
				80DD2C82225E5EB4001CBFEC /* Protocols.swift in Sources */,
			);
			runOnlyForDeploymentPostprocessing = 0;
		};
/* End PBXSourcesBuildPhase section */

/* Begin PBXVariantGroup section */
		80DD2C73225DC1AA001CBFEC /* Main.storyboard */ = {
			isa = PBXVariantGroup;
			children = (
				80DD2C74225DC1AA001CBFEC /* Base */,
			);
			name = Main.storyboard;
			sourceTree = "<group>";
		};
		80DD2C78225DC1AA001CBFEC /* LaunchScreen.storyboard */ = {
			isa = PBXVariantGroup;
			children = (
				80DD2C79225DC1AA001CBFEC /* Base */,
			);
			name = LaunchScreen.storyboard;
			sourceTree = "<group>";
		};
/* End PBXVariantGroup section */

/* Begin XCBuildConfiguration section */
		80DD2C7C225DC1AA001CBFEC /* Debug */ = {
			isa = XCBuildConfiguration;
			buildSettings = {
				ALWAYS_SEARCH_USER_PATHS = NO;
				CLANG_ANALYZER_NONNULL = YES;
				CLANG_ANALYZER_NUMBER_OBJECT_CONVERSION = YES_AGGRESSIVE;
				CLANG_CXX_LANGUAGE_STANDARD = "gnu++14";
				CLANG_CXX_LIBRARY = "libc++";
				CLANG_ENABLE_MODULES = YES;
				CLANG_ENABLE_OBJC_ARC = YES;
				CLANG_ENABLE_OBJC_WEAK = YES;
				CLANG_WARN_BLOCK_CAPTURE_AUTORELEASING = YES;
				CLANG_WARN_BOOL_CONVERSION = YES;
				CLANG_WARN_COMMA = YES;
				CLANG_WARN_CONSTANT_CONVERSION = YES;
				CLANG_WARN_DEPRECATED_OBJC_IMPLEMENTATIONS = YES;
				CLANG_WARN_DIRECT_OBJC_ISA_USAGE = YES_ERROR;
				CLANG_WARN_DOCUMENTATION_COMMENTS = YES;
				CLANG_WARN_EMPTY_BODY = YES;
				CLANG_WARN_ENUM_CONVERSION = YES;
				CLANG_WARN_INFINITE_RECURSION = YES;
				CLANG_WARN_INT_CONVERSION = YES;
				CLANG_WARN_NON_LITERAL_NULL_CONVERSION = YES;
				CLANG_WARN_OBJC_IMPLICIT_RETAIN_SELF = YES;
				CLANG_WARN_OBJC_LITERAL_CONVERSION = YES;
				CLANG_WARN_OBJC_ROOT_CLASS = YES_ERROR;
				CLANG_WARN_RANGE_LOOP_ANALYSIS = YES;
				CLANG_WARN_STRICT_PROTOTYPES = YES;
				CLANG_WARN_SUSPICIOUS_MOVE = YES;
				CLANG_WARN_UNGUARDED_AVAILABILITY = YES_AGGRESSIVE;
				CLANG_WARN_UNREACHABLE_CODE = YES;
				CLANG_WARN__DUPLICATE_METHOD_MATCH = YES;
				CODE_SIGN_IDENTITY = "iPhone Developer";
				COPY_PHASE_STRIP = NO;
				DEBUG_INFORMATION_FORMAT = dwarf;
				ENABLE_STRICT_OBJC_MSGSEND = YES;
				ENABLE_TESTABILITY = YES;
				GCC_C_LANGUAGE_STANDARD = gnu11;
				GCC_DYNAMIC_NO_PIC = NO;
				GCC_NO_COMMON_BLOCKS = YES;
				GCC_OPTIMIZATION_LEVEL = 0;
				GCC_PREPROCESSOR_DEFINITIONS = (
					"DEBUG=1",
					"$(inherited)",
				);
				GCC_WARN_64_TO_32_BIT_CONVERSION = YES;
				GCC_WARN_ABOUT_RETURN_TYPE = YES_ERROR;
				GCC_WARN_UNDECLARED_SELECTOR = YES;
				GCC_WARN_UNINITIALIZED_AUTOS = YES_AGGRESSIVE;
				GCC_WARN_UNUSED_FUNCTION = YES;
				GCC_WARN_UNUSED_VARIABLE = YES;
				IPHONEOS_DEPLOYMENT_TARGET = 12.2;
				MTL_ENABLE_DEBUG_INFO = INCLUDE_SOURCE;
				MTL_FAST_MATH = YES;
				ONLY_ACTIVE_ARCH = YES;
				SDKROOT = iphoneos;
				SWIFT_ACTIVE_COMPILATION_CONDITIONS = DEBUG;
				SWIFT_OPTIMIZATION_LEVEL = "-Onone";
			};
			name = Debug;
		};
		80DD2C7D225DC1AA001CBFEC /* Release */ = {
			isa = XCBuildConfiguration;
			buildSettings = {
				ALWAYS_SEARCH_USER_PATHS = NO;
				CLANG_ANALYZER_NONNULL = YES;
				CLANG_ANALYZER_NUMBER_OBJECT_CONVERSION = YES_AGGRESSIVE;
				CLANG_CXX_LANGUAGE_STANDARD = "gnu++14";
				CLANG_CXX_LIBRARY = "libc++";
				CLANG_ENABLE_MODULES = YES;
				CLANG_ENABLE_OBJC_ARC = YES;
				CLANG_ENABLE_OBJC_WEAK = YES;
				CLANG_WARN_BLOCK_CAPTURE_AUTORELEASING = YES;
				CLANG_WARN_BOOL_CONVERSION = YES;
				CLANG_WARN_COMMA = YES;
				CLANG_WARN_CONSTANT_CONVERSION = YES;
				CLANG_WARN_DEPRECATED_OBJC_IMPLEMENTATIONS = YES;
				CLANG_WARN_DIRECT_OBJC_ISA_USAGE = YES_ERROR;
				CLANG_WARN_DOCUMENTATION_COMMENTS = YES;
				CLANG_WARN_EMPTY_BODY = YES;
				CLANG_WARN_ENUM_CONVERSION = YES;
				CLANG_WARN_INFINITE_RECURSION = YES;
				CLANG_WARN_INT_CONVERSION = YES;
				CLANG_WARN_NON_LITERAL_NULL_CONVERSION = YES;
				CLANG_WARN_OBJC_IMPLICIT_RETAIN_SELF = YES;
				CLANG_WARN_OBJC_LITERAL_CONVERSION = YES;
				CLANG_WARN_OBJC_ROOT_CLASS = YES_ERROR;
				CLANG_WARN_RANGE_LOOP_ANALYSIS = YES;
				CLANG_WARN_STRICT_PROTOTYPES = YES;
				CLANG_WARN_SUSPICIOUS_MOVE = YES;
				CLANG_WARN_UNGUARDED_AVAILABILITY = YES_AGGRESSIVE;
				CLANG_WARN_UNREACHABLE_CODE = YES;
				CLANG_WARN__DUPLICATE_METHOD_MATCH = YES;
				CODE_SIGN_IDENTITY = "iPhone Developer";
				COPY_PHASE_STRIP = NO;
				DEBUG_INFORMATION_FORMAT = "dwarf-with-dsym";
				ENABLE_NS_ASSERTIONS = NO;
				ENABLE_STRICT_OBJC_MSGSEND = YES;
				GCC_C_LANGUAGE_STANDARD = gnu11;
				GCC_NO_COMMON_BLOCKS = YES;
				GCC_WARN_64_TO_32_BIT_CONVERSION = YES;
				GCC_WARN_ABOUT_RETURN_TYPE = YES_ERROR;
				GCC_WARN_UNDECLARED_SELECTOR = YES;
				GCC_WARN_UNINITIALIZED_AUTOS = YES_AGGRESSIVE;
				GCC_WARN_UNUSED_FUNCTION = YES;
				GCC_WARN_UNUSED_VARIABLE = YES;
				IPHONEOS_DEPLOYMENT_TARGET = 12.2;
				MTL_ENABLE_DEBUG_INFO = NO;
				MTL_FAST_MATH = YES;
				SDKROOT = iphoneos;
				SWIFT_COMPILATION_MODE = wholemodule;
				SWIFT_OPTIMIZATION_LEVEL = "-O";
				VALIDATE_PRODUCT = YES;
			};
			name = Release;
		};
		80DD2C7F225DC1AA001CBFEC /* Debug */ = {
			isa = XCBuildConfiguration;
			buildSettings = {
				ASSETCATALOG_COMPILER_APPICON_NAME = AppIcon;
				CODE_SIGN_STYLE = Automatic;
				DEVELOPMENT_TEAM = 95K8REC8NW;
				INFOPLIST_FILE = "Pass Generator/Info.plist";
				LD_RUNPATH_SEARCH_PATHS = (
					"$(inherited)",
					"@executable_path/Frameworks",
				);
				PRODUCT_BUNDLE_IDENTIFIER = "com.lukaskasakaitis.Pass-Generator";
				PRODUCT_NAME = "$(TARGET_NAME)";
				SWIFT_VERSION = 5.0;
				TARGETED_DEVICE_FAMILY = 2;
			};
			name = Debug;
		};
		80DD2C80225DC1AA001CBFEC /* Release */ = {
			isa = XCBuildConfiguration;
			buildSettings = {
				ASSETCATALOG_COMPILER_APPICON_NAME = AppIcon;
				CODE_SIGN_STYLE = Automatic;
				DEVELOPMENT_TEAM = 95K8REC8NW;
				INFOPLIST_FILE = "Pass Generator/Info.plist";
				LD_RUNPATH_SEARCH_PATHS = (
					"$(inherited)",
					"@executable_path/Frameworks",
				);
				PRODUCT_BUNDLE_IDENTIFIER = "com.lukaskasakaitis.Pass-Generator";
				PRODUCT_NAME = "$(TARGET_NAME)";
				SWIFT_VERSION = 5.0;
				TARGETED_DEVICE_FAMILY = 2;
			};
			name = Release;
		};
/* End XCBuildConfiguration section */

/* Begin XCConfigurationList section */
		80DD2C67225DC1AA001CBFEC /* Build configuration list for PBXProject "Pass Generator" */ = {
			isa = XCConfigurationList;
			buildConfigurations = (
				80DD2C7C225DC1AA001CBFEC /* Debug */,
				80DD2C7D225DC1AA001CBFEC /* Release */,
			);
			defaultConfigurationIsVisible = 0;
			defaultConfigurationName = Release;
		};
		80DD2C7E225DC1AA001CBFEC /* Build configuration list for PBXNativeTarget "Pass Generator" */ = {
			isa = XCConfigurationList;
			buildConfigurations = (
				80DD2C7F225DC1AA001CBFEC /* Debug */,
				80DD2C80225DC1AA001CBFEC /* Release */,
			);
			defaultConfigurationIsVisible = 0;
			defaultConfigurationName = Release;
		};
/* End XCConfigurationList section */
	};
	rootObject = 80DD2C64225DC1AA001CBFEC /* Project object */;
}
